
Microsoft Visual Studio Solution File, Format Version 12.00
# Visual Studio 2013
VisualStudioVersion = 12.0.31101.0
MinimumVisualStudioVersion = 10.0.40219.1
Project("{FAE04EC0-301F-11D3-BF4B-00C04F79EFBC}") = "1.Shapes", "1.Shapes\1.Shapes.csproj", "{AA15886A-E501-462F-99B6-9CAAF44CB53B}"
EndProject
Project("{FAE04EC0-301F-11D3-BF4B-00C04F79EFBC}") = "2.BankAccouts", "2.BankAccouts\2.BankAccouts.csproj", "{93215199-9010-444D-B867-123AEE621F27}"
EndProject
Project("{FAE04EC0-301F-11D3-BF4B-00C04F79EFBC}") = "3.RangeExceptions", "3.RangeExceptions\3.RangeExceptions.csproj", "{F06CCC98-8EEC-42FF-88D9-2F7AA6CA33F6}"
EndProject
Global
	GlobalSection(SolutionConfigurationPlatforms) = preSolution
		Debug|Any CPU = Debug|Any CPU
		Release|Any CPU = Release|Any CPU
	EndGlobalSection
	GlobalSection(ProjectConfigurationPlatforms) = postSolution
		{AA15886A-E501-462F-99B6-9CAAF44CB53B}.Debug|Any CPU.ActiveCfg = Debug|Any CPU
		{AA15886A-E501-462F-99B6-9CAAF44CB53B}.Debug|Any CPU.Build.0 = Debug|Any CPU
		{AA15886A-E501-462F-99B6-9CAAF44CB53B}.Release|Any CPU.ActiveCfg = Release|Any CPU
		{AA15886A-E501-462F-99B6-9CAAF44CB53B}.Release|Any CPU.Build.0 = Release|Any CPU
		{93215199-9010-444D-B867-123AEE621F27}.Debug|Any CPU.ActiveCfg = Debug|Any CPU
		{93215199-9010-444D-B867-123AEE621F27}.Debug|Any CPU.Build.0 = Debug|Any CPU
		{93215199-9010-444D-B867-123AEE621F27}.Release|Any CPU.ActiveCfg = Release|Any CPU
		{93215199-9010-444D-B867-123AEE621F27}.Release|Any CPU.Build.0 = Release|Any CPU
		{F06CCC98-8EEC-42FF-88D9-2F7AA6CA33F6}.Debug|Any CPU.ActiveCfg = Debug|Any CPU
		{F06CCC98-8EEC-42FF-88D9-2F7AA6CA33F6}.Debug|Any CPU.Build.0 = Debug|Any CPU
		{F06CCC98-8EEC-42FF-88D9-2F7AA6CA33F6}.Release|Any CPU.ActiveCfg = Release|Any CPU
		{F06CCC98-8EEC-42FF-88D9-2F7AA6CA33F6}.Release|Any CPU.Build.0 = Release|Any CPU
	EndGlobalSection
	GlobalSection(SolutionProperties) = preSolution
		HideSolutionNode = FALSE
	EndGlobalSection
EndGlobal
