
Microsoft Visual Studio Solution File, Format Version 12.00
# Visual Studio 2013
VisualStudioVersion = 12.0.31101.0
MinimumVisualStudioVersion = 10.0.40219.1
Project("{FAE04EC0-301F-11D3-BF4B-00C04F79EFBC}") = "01.StringBuilderSubstring", "01.StringBuilderSubstring\01.StringBuilderSubstring.csproj", "{2A96F8DD-C035-41A2-95D2-AA229790369E}"
EndProject
Project("{FAE04EC0-301F-11D3-BF4B-00C04F79EFBC}") = "02.EnumerableExtensions", "02.EnumerableExtensions\02.EnumerableExtensions.csproj", "{8344EEFB-79D9-43AC-A5C5-5F136185AEF4}"
EndProject
Project("{FAE04EC0-301F-11D3-BF4B-00C04F79EFBC}") = "03.FirstBeforeLast", "03.FirstBeforeLast\03.FirstBeforeLast.csproj", "{C7677997-AB37-4D67-AE59-500A57D2CD50}"
EndProject
Project("{FAE04EC0-301F-11D3-BF4B-00C04F79EFBC}") = "06.DivisibleBy3And7", "06.DivisibleBy3And7\06.DivisibleBy3And7.csproj", "{E3DF3A6A-7919-4360-B640-218B8DF185BD}"
EndProject
Project("{FAE04EC0-301F-11D3-BF4B-00C04F79EFBC}") = "07.Timer", "Timer\07.Timer.csproj", "{73120FC6-6B77-4C90-9112-F3B2276F2D54}"
EndProject
Project("{FAE04EC0-301F-11D3-BF4B-00C04F79EFBC}") = "09.Students", "09.Students\09.Students.csproj", "{FD6F9648-820D-4BFA-9BAD-2CAD33F634EF}"
EndProject
Project("{FAE04EC0-301F-11D3-BF4B-00C04F79EFBC}") = "17.StringWithMaxLength", "17.StringWithMaxLength\17.StringWithMaxLength.csproj", "{2A241A92-1B99-4307-895D-925514382312}"
EndProject
Project("{FAE04EC0-301F-11D3-BF4B-00C04F79EFBC}") = "18.GroupinByGroupName", "18.GroupinByGroupName\18.GroupinByGroupName.csproj", "{8AE37AD7-9253-4B36-ABB5-3F9629CF54CE}"
EndProject
Global
	GlobalSection(SolutionConfigurationPlatforms) = preSolution
		Debug|Any CPU = Debug|Any CPU
		Release|Any CPU = Release|Any CPU
	EndGlobalSection
	GlobalSection(ProjectConfigurationPlatforms) = postSolution
		{2A96F8DD-C035-41A2-95D2-AA229790369E}.Debug|Any CPU.ActiveCfg = Debug|Any CPU
		{2A96F8DD-C035-41A2-95D2-AA229790369E}.Debug|Any CPU.Build.0 = Debug|Any CPU
		{2A96F8DD-C035-41A2-95D2-AA229790369E}.Release|Any CPU.ActiveCfg = Release|Any CPU
		{2A96F8DD-C035-41A2-95D2-AA229790369E}.Release|Any CPU.Build.0 = Release|Any CPU
		{8344EEFB-79D9-43AC-A5C5-5F136185AEF4}.Debug|Any CPU.ActiveCfg = Debug|Any CPU
		{8344EEFB-79D9-43AC-A5C5-5F136185AEF4}.Debug|Any CPU.Build.0 = Debug|Any CPU
		{8344EEFB-79D9-43AC-A5C5-5F136185AEF4}.Release|Any CPU.ActiveCfg = Release|Any CPU
		{8344EEFB-79D9-43AC-A5C5-5F136185AEF4}.Release|Any CPU.Build.0 = Release|Any CPU
		{C7677997-AB37-4D67-AE59-500A57D2CD50}.Debug|Any CPU.ActiveCfg = Debug|Any CPU
		{C7677997-AB37-4D67-AE59-500A57D2CD50}.Debug|Any CPU.Build.0 = Debug|Any CPU
		{C7677997-AB37-4D67-AE59-500A57D2CD50}.Release|Any CPU.ActiveCfg = Release|Any CPU
		{C7677997-AB37-4D67-AE59-500A57D2CD50}.Release|Any CPU.Build.0 = Release|Any CPU
		{E3DF3A6A-7919-4360-B640-218B8DF185BD}.Debug|Any CPU.ActiveCfg = Debug|Any CPU
		{E3DF3A6A-7919-4360-B640-218B8DF185BD}.Debug|Any CPU.Build.0 = Debug|Any CPU
		{E3DF3A6A-7919-4360-B640-218B8DF185BD}.Release|Any CPU.ActiveCfg = Release|Any CPU
		{E3DF3A6A-7919-4360-B640-218B8DF185BD}.Release|Any CPU.Build.0 = Release|Any CPU
		{73120FC6-6B77-4C90-9112-F3B2276F2D54}.Debug|Any CPU.ActiveCfg = Debug|Any CPU
		{73120FC6-6B77-4C90-9112-F3B2276F2D54}.Debug|Any CPU.Build.0 = Debug|Any CPU
		{73120FC6-6B77-4C90-9112-F3B2276F2D54}.Release|Any CPU.ActiveCfg = Release|Any CPU
		{73120FC6-6B77-4C90-9112-F3B2276F2D54}.Release|Any CPU.Build.0 = Release|Any CPU
		{FD6F9648-820D-4BFA-9BAD-2CAD33F634EF}.Debug|Any CPU.ActiveCfg = Debug|Any CPU
		{FD6F9648-820D-4BFA-9BAD-2CAD33F634EF}.Debug|Any CPU.Build.0 = Debug|Any CPU
		{FD6F9648-820D-4BFA-9BAD-2CAD33F634EF}.Release|Any CPU.ActiveCfg = Release|Any CPU
		{FD6F9648-820D-4BFA-9BAD-2CAD33F634EF}.Release|Any CPU.Build.0 = Release|Any CPU
		{2A241A92-1B99-4307-895D-925514382312}.Debug|Any CPU.ActiveCfg = Debug|Any CPU
		{2A241A92-1B99-4307-895D-925514382312}.Debug|Any CPU.Build.0 = Debug|Any CPU
		{2A241A92-1B99-4307-895D-925514382312}.Release|Any CPU.ActiveCfg = Release|Any CPU
		{2A241A92-1B99-4307-895D-925514382312}.Release|Any CPU.Build.0 = Release|Any CPU
		{8AE37AD7-9253-4B36-ABB5-3F9629CF54CE}.Debug|Any CPU.ActiveCfg = Debug|Any CPU
		{8AE37AD7-9253-4B36-ABB5-3F9629CF54CE}.Debug|Any CPU.Build.0 = Debug|Any CPU
		{8AE37AD7-9253-4B36-ABB5-3F9629CF54CE}.Release|Any CPU.ActiveCfg = Release|Any CPU
		{8AE37AD7-9253-4B36-ABB5-3F9629CF54CE}.Release|Any CPU.Build.0 = Release|Any CPU
	EndGlobalSection
	GlobalSection(SolutionProperties) = preSolution
		HideSolutionNode = FALSE
	EndGlobalSection
EndGlobal
