
Microsoft Visual Studio Solution File, Format Version 12.00
# Visual Studio 2013
VisualStudioVersion = 12.0.31101.0
MinimumVisualStudioVersion = 10.0.40219.1
Project("{FAE04EC0-301F-11D3-BF4B-00C04F79EFBC}") = "01.Structure", "01.Structure\01.Structure.csproj", "{6DAAE681-CEC3-4B1D-8B85-EFDA95B2D479}"
EndProject
Project("{FAE04EC0-301F-11D3-BF4B-00C04F79EFBC}") = "02.GenericList", "02.GenericList\02.GenericList.csproj", "{8909608E-9FBC-4E4F-A3F7-54E356D8A35A}"
EndProject
Project("{FAE04EC0-301F-11D3-BF4B-00C04F79EFBC}") = "03.Matrix", "03.Matrix\03.Matrix.csproj", "{77E1F729-1753-40CE-8B23-94B552443BD0}"
EndProject
Project("{FAE04EC0-301F-11D3-BF4B-00C04F79EFBC}") = "04.VersionAttribute", "04.VersionAttribute\04.VersionAttribute.csproj", "{84F23A0C-47D6-4AE4-8F0E-432D5B1CE986}"
EndProject
Global
	GlobalSection(SolutionConfigurationPlatforms) = preSolution
		Debug|Any CPU = Debug|Any CPU
		Release|Any CPU = Release|Any CPU
	EndGlobalSection
	GlobalSection(ProjectConfigurationPlatforms) = postSolution
		{6DAAE681-CEC3-4B1D-8B85-EFDA95B2D479}.Debug|Any CPU.ActiveCfg = Debug|Any CPU
		{6DAAE681-CEC3-4B1D-8B85-EFDA95B2D479}.Debug|Any CPU.Build.0 = Debug|Any CPU
		{6DAAE681-CEC3-4B1D-8B85-EFDA95B2D479}.Release|Any CPU.ActiveCfg = Release|Any CPU
		{6DAAE681-CEC3-4B1D-8B85-EFDA95B2D479}.Release|Any CPU.Build.0 = Release|Any CPU
		{8909608E-9FBC-4E4F-A3F7-54E356D8A35A}.Debug|Any CPU.ActiveCfg = Debug|Any CPU
		{8909608E-9FBC-4E4F-A3F7-54E356D8A35A}.Debug|Any CPU.Build.0 = Debug|Any CPU
		{8909608E-9FBC-4E4F-A3F7-54E356D8A35A}.Release|Any CPU.ActiveCfg = Release|Any CPU
		{8909608E-9FBC-4E4F-A3F7-54E356D8A35A}.Release|Any CPU.Build.0 = Release|Any CPU
		{77E1F729-1753-40CE-8B23-94B552443BD0}.Debug|Any CPU.ActiveCfg = Debug|Any CPU
		{77E1F729-1753-40CE-8B23-94B552443BD0}.Debug|Any CPU.Build.0 = Debug|Any CPU
		{77E1F729-1753-40CE-8B23-94B552443BD0}.Release|Any CPU.ActiveCfg = Release|Any CPU
		{77E1F729-1753-40CE-8B23-94B552443BD0}.Release|Any CPU.Build.0 = Release|Any CPU
		{84F23A0C-47D6-4AE4-8F0E-432D5B1CE986}.Debug|Any CPU.ActiveCfg = Debug|Any CPU
		{84F23A0C-47D6-4AE4-8F0E-432D5B1CE986}.Debug|Any CPU.Build.0 = Debug|Any CPU
		{84F23A0C-47D6-4AE4-8F0E-432D5B1CE986}.Release|Any CPU.ActiveCfg = Release|Any CPU
		{84F23A0C-47D6-4AE4-8F0E-432D5B1CE986}.Release|Any CPU.Build.0 = Release|Any CPU
	EndGlobalSection
	GlobalSection(SolutionProperties) = preSolution
		HideSolutionNode = FALSE
	EndGlobalSection
EndGlobal
